
Microsoft Visual Studio Solution File, Format Version 12.00
# Visual Studio Version 17
VisualStudioVersion = 17.8.34330.188
MinimumVisualStudioVersion = 10.0.40219.1
Project("{9A19103F-16F7-4668-BE54-9A1E7A4F7556}") = "HelloApi", "HelloApi\HelloApi.csproj", "{E8F2B421-6D60-4EB4-AD97-1F1BEE6C280D}"
EndProject
Project("{FAE04EC0-301F-11D3-BF4B-00C04F79EFBC}") = "HelloApi.Cotracts", "HelloApi.Cotracts\HelloApi.Cotracts.csproj", "{98330E0B-A7F4-472E-82D0-7B83EFF552EB}"
EndProject
Global
	GlobalSection(SolutionConfigurationPlatforms) = preSolution
		Debug|Any CPU = Debug|Any CPU
		Release|Any CPU = Release|Any CPU
	EndGlobalSection
	GlobalSection(ProjectConfigurationPlatforms) = postSolution
		{E8F2B421-6D60-4EB4-AD97-1F1BEE6C280D}.Debug|Any CPU.ActiveCfg = Debug|Any CPU
		{E8F2B421-6D60-4EB4-AD97-1F1BEE6C280D}.Debug|Any CPU.Build.0 = Debug|Any CPU
		{E8F2B421-6D60-4EB4-AD97-1F1BEE6C280D}.Release|Any CPU.ActiveCfg = Release|Any CPU
		{E8F2B421-6D60-4EB4-AD97-1F1BEE6C280D}.Release|Any CPU.Build.0 = Release|Any CPU
		{98330E0B-A7F4-472E-82D0-7B83EFF552EB}.Debug|Any CPU.ActiveCfg = Debug|Any CPU
		{98330E0B-A7F4-472E-82D0-7B83EFF552EB}.Debug|Any CPU.Build.0 = Debug|Any CPU
		{98330E0B-A7F4-472E-82D0-7B83EFF552EB}.Release|Any CPU.ActiveCfg = Release|Any CPU
		{98330E0B-A7F4-472E-82D0-7B83EFF552EB}.Release|Any CPU.Build.0 = Release|Any CPU
	EndGlobalSection
	GlobalSection(SolutionProperties) = preSolution
		HideSolutionNode = FALSE
	EndGlobalSection
	GlobalSection(ExtensibilityGlobals) = postSolution
		SolutionGuid = {9D2FCBEB-7C00-4E21-BCDE-45F4FC831FAE}
	EndGlobalSection
EndGlobal
